<?xml version="1.0" encoding="utf-8"?>
<Project ToolsVersion="4.0" xmlns="http://schemas.microsoft.com/developer/msbuild/2003">
  <ItemGroup>
    <Filter Include="Source Files">
      <UniqueIdentifier>{4FC737F1-C7A5-4376-A066-2A32D752A2FF}</UniqueIdentifier>
      <Extensions>cpp;c;cc;cxx;def;odl;idl;hpj;bat;asm;asmx</Extensions>
    </Filter>
    <Filter Include="Header Files">
      <UniqueIdentifier>{93995380-89BD-4b04-88EB-625FBE52EBFB}</UniqueIdentifier>
      <Extensions>h;hh;hpp;hxx;hm;inl;inc;xsd</Extensions>
    </Filter>
    <Filter Include="Resource Files">
      <UniqueIdentifier>{67DA6AB6-F800-4c08-8B7A-83BB121AAD01}</UniqueIdentifier>
      <Extensions>rc;ico;cur;bmp;dlg;rc2;rct;bin;rgs;gif;jpg;jpeg;jpe;resx;tiff;tif;png;wav;mfcribbon-ms</Extensions>
    </Filter>
    <Filter Include="Source Files\Problems">
      <UniqueIdentifier>{ea167e2d-4df7-4050-ac69-be2fa3ed6b89}</UniqueIdentifier>
    </Filter>
    <Filter Include="Source Files\Monthly Goal_May">
      <UniqueIdentifier>{9943d295-8851-4abe-b3fc-47c0da79aa13}</UniqueIdentifier>
    </Filter>
  </ItemGroup>
  <ItemGroup>
    <ClCompile Include="Main.cpp">
      <Filter>Source Files</Filter>
    </ClCompile>
  </ItemGroup>
  <ItemGroup>
    <ClInclude Include="132Pattern.h">
      <Filter>Source Files\Problems</Filter>
    </ClInclude>
    <ClInclude Include="BattleshipsInABoard.h">
      <Filter>Source Files\Problems</Filter>
    </ClInclude>
    <ClInclude Include="DataStructures.h">
      <Filter>Source Files\Problems</Filter>
    </ClInclude>
    <ClInclude Include="DFS_BFS.h">
      <Filter>Source Files\Problems</Filter>
    </ClInclude>
    <ClInclude Include="EncodeInPlace.h">
      <Filter>Source Files\Problems</Filter>
    </ClInclude>
    <ClInclude Include="KLargestBST.h">
      <Filter>Source Files\Problems</Filter>
    </ClInclude>
    <ClInclude Include="KMostFrequentWords.h">
      <Filter>Source Files\Problems</Filter>
    </ClInclude>
    <ClInclude Include="LargestPairWithSum.h">
      <Filter>Source Files\Problems</Filter>
    </ClInclude>
    <ClInclude Include="PairEqualSum.h">
      <Filter>Source Files\Problems</Filter>
    </ClInclude>
    <ClInclude Include="TopologicalSort.h">
      <Filter>Source Files\Problems</Filter>
    </ClInclude>
    <ClInclude Include="WordPattern.h">
      <Filter>Source Files\Problems</Filter>
    </ClInclude>
    <ClInclude Include="TextJustification.h">
      <Filter>Source Files\Problems</Filter>
    </ClInclude>
    <ClInclude Include="ReorderData.h">
      <Filter>Source Files\Problems</Filter>
    </ClInclude>
    <ClInclude Include="MRUCache.h">
      <Filter>Source Files\Problems</Filter>
    </ClInclude>
    <ClInclude Include="LRUCache.h">
      <Filter>Source Files\Problems</Filter>
    </ClInclude>
    <ClInclude Include="ValidParentheses.h">
      <Filter>Source Files\Problems</Filter>
    </ClInclude>
    <ClInclude Include="TreeFromInorderPreorder.h">
      <Filter>Source Files\Problems</Filter>
    </ClInclude>
    <ClInclude Include="PostorderFromInorderPreorder.h">
      <Filter>Source Files\Problems</Filter>
    </ClInclude>
    <ClInclude Include="AutoComplete.h">
      <Filter>Source Files\Problems</Filter>
    </ClInclude>
    <ClInclude Include="NumberOfIslands.h">
      <Filter>Source Files\Problems</Filter>
    </ClInclude>
    <ClInclude Include="BoundaryOfBinaryTree.h">
      <Filter>Source Files\Problems</Filter>
    </ClInclude>
    <ClInclude Include="StrStr.h">
      <Filter>Source Files\Problems</Filter>
    </ClInclude>
    <ClInclude Include="Power.h">
      <Filter>Source Files\Problems</Filter>
    </ClInclude>
    <ClInclude Include="CelebrityProblem.h">
      <Filter>Source Files\Problems</Filter>
    </ClInclude>
    <ClInclude Include="SockPairMatch.h">
      <Filter>Source Files\Problems</Filter>
    </ClInclude>
    <ClInclude Include="CountingValley.h">
      <Filter>Source Files\Problems</Filter>
    </ClInclude>
    <ClInclude Include="SortPlaylist.h">
      <Filter>Source Files\Monthly Goal_May</Filter>
    </ClInclude>
    <ClInclude Include="StringReverseInPlace.h">
      <Filter>Source Files\Monthly Goal_May</Filter>
    </ClInclude>
    <ClInclude Include="DuplicateCharacterInString.h">
      <Filter>Source Files\Monthly Goal_May</Filter>
    </ClInclude>
    <ClInclude Include="AnagramStrings.h">
      <Filter>Source Files\Monthly Goal_May</Filter>
    </ClInclude>
    <ClInclude Include="BalancedStringSplit.h">
      <Filter>Source Files\Monthly Goal_May</Filter>
    </ClInclude>
    <ClInclude Include="StringSwapMakeEqual.h">
      <Filter>Source Files\Monthly Goal_May</Filter>
    </ClInclude>
    <ClInclude Include="ShuffleString.h">
      <Filter>Source Files\Monthly Goal_May</Filter>
    </ClInclude>
    <ClInclude Include="ReverseLinkedListInPlace.h">
      <Filter>Source Files\Monthly Goal_May</Filter>
    </ClInclude>
    <ClInclude Include="RemoveZeroSumConsecutiveNode.h">
      <Filter>Source Files\Monthly Goal_May</Filter>
    </ClInclude>
    <ClInclude Include="LinkedListCycle.h">
      <Filter>Source Files\Monthly Goal_May</Filter>
    </ClInclude>
    <ClInclude Include="RotateMatrix.h">
      <Filter>Source Files\Monthly Goal_May</Filter>
    </ClInclude>
    <ClInclude Include="MinJumps.h">
      <Filter>Source Files\Problems</Filter>
    </ClInclude>
    <ClInclude Include="ToeplitzMatrix.h">
      <Filter>Source Files\Problems</Filter>
    </ClInclude>
    <ClInclude Include="GameOfLife.h">
      <Filter>Source Files\Problems</Filter>
    </ClInclude>
    <ClInclude Include="WiggleSort.h">
      <Filter>Source Files\Problems</Filter>
    </ClInclude>
    <ClInclude Include="WordSearch.h">
      <Filter>Source Files\Problems</Filter>
    </ClInclude>
  </ItemGroup>
</Project>